
Microsoft Visual Studio Solution File, Format Version 12.00
# Visual Studio Version 17
VisualStudioVersion = 17.14.36717.8
MinimumVisualStudioVersion = 10.0.40219.1
Project("{FAE04EC0-301F-11D3-BF4B-00C04F79EFBC}") = "YumBlazor", "YumBlazor\YumBlazor.csproj", "{94E6D2AF-0A68-4590-BA0B-601564870E7D}"
EndProject
Global
	GlobalSection(SolutionConfigurationPlatforms) = preSolution
		Debug|Any CPU = Debug|Any CPU
		Release|Any CPU = Release|Any CPU
	EndGlobalSection
	GlobalSection(ProjectConfigurationPlatforms) = postSolution
		{94E6D2AF-0A68-4590-BA0B-601564870E7D}.Debug|Any CPU.ActiveCfg = Debug|Any CPU
		{94E6D2AF-0A68-4590-BA0B-601564870E7D}.Debug|Any CPU.Build.0 = Debug|Any CPU
		{94E6D2AF-0A68-4590-BA0B-601564870E7D}.Release|Any CPU.ActiveCfg = Release|Any CPU
		{94E6D2AF-0A68-4590-BA0B-601564870E7D}.Release|Any CPU.Build.0 = Release|Any CPU
	EndGlobalSection
	GlobalSection(SolutionProperties) = preSolution
		HideSolutionNode = FALSE
	EndGlobalSection
	GlobalSection(ExtensibilityGlobals) = postSolution
		SolutionGuid = {BBE62E09-2862-473E-8EAC-8A68B0F46438}
	EndGlobalSection
EndGlobal
